# This file is autogenerated, do not edit; changes may be undone by the next 'dep ensure'.


[[projects]]
  branch = "master"
  name = "github.com/fluent/fluent-bit-go"
  packages = ["output"]
  revision = "c4a158a6e3a793166c6ecfa2d5c80d71eada8959"

[[projects]]
  branch = "master"
  name = "github.com/philips-software/go-hsdp-api"
  packages = ["logging"]
  revision = "54d455b5e43ea8e946211b178f43e2a3912d99fe"

[[projects]]
  name = "github.com/philips-software/go-hsdp-signer"
  packages = ["."]
  revision = "9a4e02791d5e4611f4c347da8cb1813012f36dc2"
  version = "v1.0.0"

[[projects]]
  name = "github.com/ugorji/go"
  packages = ["codec"]
  revision = "b4c50a2b199d93b13dc15e78929cfb23bfdf21ab"
  version = "v1.1.1"

[solve-meta]
  analyzer-name = "dep"
  analyzer-version = 1
  inputs-digest = "2eccadb84e74289d8afc3478e9180e0479dfdaf629b0110e9f61a4701a47d05e"
  solver-name = "gps-cdcl"
  solver-version = 1
